
Microsoft Visual Studio Solution File, Format Version 12.00
# Visual Studio 15
Project("{FAE04EC0-301F-11D3-BF4B-00C04F79EFBC}") = "UnityEngine.TestRunner", "UnityEngine.TestRunner.csproj", "{66E94BCA-F359-0EB2-EC11-3C302C666537}"
EndProject
Project("{FAE04EC0-301F-11D3-BF4B-00C04F79EFBC}") = "UnityEngine.UI", "UnityEngine.UI.csproj", "{DF7B4A64-C513-9CAF-6C37-C6AE85879582}"
EndProject
Project("{FAE04EC0-301F-11D3-BF4B-00C04F79EFBC}") = "Unity.VisualScripting.Flow", "Unity.VisualScripting.Flow.csproj", "{D0FFFD79-C742-5DED-E543-26C77CF31F84}"
EndProject
Project("{FAE04EC0-301F-11D3-BF4B-00C04F79EFBC}") = "Unity.Services.Core.Telemetry", "Unity.Services.Core.Telemetry.csproj", "{301ED51C-73CB-B509-5DE6-C016E90C9D9F}"
EndProject
Project("{FAE04EC0-301F-11D3-BF4B-00C04F79EFBC}") = "Unity.VisualScripting.State", "Unity.VisualScripting.State.csproj", "{9B32EAF1-25FC-0C02-229D-249903793F4F}"
EndProject
Project("{FAE04EC0-301F-11D3-BF4B-00C04F79EFBC}") = "Unity.VisualScripting.Core", "Unity.VisualScripting.Core.csproj", "{57695B48-4A57-4766-6C34-1C8D1FC5896C}"
EndProject
Project("{FAE04EC0-301F-11D3-BF4B-00C04F79EFBC}") = "Unity.Services.Core.Environments.Internal", "Unity.Services.Core.Environments.Internal.csproj", "{B1AE31F3-5B6C-0A21-CCD2-F979D43D5A10}"
EndProject
Project("{FAE04EC0-301F-11D3-BF4B-00C04F79EFBC}") = "Unity.TextMeshPro", "Unity.TextMeshPro.csproj", "{4778B806-3256-132A-E9B6-58CDF9FE26D8}"
EndProject
Project("{FAE04EC0-301F-11D3-BF4B-00C04F79EFBC}") = "Unity.Timeline", "Unity.Timeline.csproj", "{B9D8A1C7-1DC8-D546-7B35-4BC7E3428449}"
EndProject
Project("{FAE04EC0-301F-11D3-BF4B-00C04F79EFBC}") = "Unity.Services.Core", "Unity.Services.Core.csproj", "{40B69E98-CAB1-A5D9-89AF-583AB6E75FED}"
EndProject
Project("{FAE04EC0-301F-11D3-BF4B-00C04F79EFBC}") = "Unity.Services.Core.Environments", "Unity.Services.Core.Environments.csproj", "{F8E7181D-1DED-E8E7-EE08-E114B4AA02A0}"
EndProject
Project("{FAE04EC0-301F-11D3-BF4B-00C04F79EFBC}") = "Unity.Services.Core.Internal", "Unity.Services.Core.Internal.csproj", "{AE4FF82E-1CDB-DF4B-41CA-D66BC94A627F}"
EndProject
Project("{FAE04EC0-301F-11D3-BF4B-00C04F79EFBC}") = "Unity.Services.Core.Analytics", "Unity.Services.Core.Analytics.csproj", "{5DCF9897-E947-EC86-6985-EC15B60BE31D}"
EndProject
Project("{FAE04EC0-301F-11D3-BF4B-00C04F79EFBC}") = "Unity.Services.Core.Scheduler", "Unity.Services.Core.Scheduler.csproj", "{0A2FD56B-27B9-D84F-DF92-C9A42E84B8CB}"
EndProject
Project("{FAE04EC0-301F-11D3-BF4B-00C04F79EFBC}") = "Unity.Services.Core.Registration", "Unity.Services.Core.Registration.csproj", "{3FE2F799-2705-1A77-B42D-A5D5277420DF}"
EndProject
Project("{FAE04EC0-301F-11D3-BF4B-00C04F79EFBC}") = "Unity.Services.Core.Device", "Unity.Services.Core.Device.csproj", "{EDFF3074-C027-D2B9-C54A-536C0F9FD57F}"
EndProject
Project("{FAE04EC0-301F-11D3-BF4B-00C04F79EFBC}") = "Unity.Services.Core.Threading", "Unity.Services.Core.Threading.csproj", "{FC4B1E35-9B27-2497-7C69-CC7ABDAF66D4}"
EndProject
Project("{FAE04EC0-301F-11D3-BF4B-00C04F79EFBC}") = "Unity.Services.Core.Networking", "Unity.Services.Core.Networking.csproj", "{BB9F54CA-530A-9FD3-AD7D-4B045EA97492}"
EndProject
Project("{FAE04EC0-301F-11D3-BF4B-00C04F79EFBC}") = "Unity.Services.Core.Configuration", "Unity.Services.Core.Configuration.csproj", "{9DF143F7-ABA0-21CD-9E10-6C8F68CC60DA}"
EndProject
Project("{FAE04EC0-301F-11D3-BF4B-00C04F79EFBC}") = "Assembly-CSharp", "Assembly-CSharp.csproj", "{0B63F963-09F6-2A54-F90D-3FAB622A58EF}"
EndProject
Project("{FAE04EC0-301F-11D3-BF4B-00C04F79EFBC}") = "Unity.PlasticSCM.Editor", "Unity.PlasticSCM.Editor.csproj", "{162954BB-39FA-4E7F-2D47-A4818C759240}"
EndProject
Project("{FAE04EC0-301F-11D3-BF4B-00C04F79EFBC}") = "Unity.VisualScripting.Core.Editor", "Unity.VisualScripting.Core.Editor.csproj", "{8ACDBAAA-0F34-7534-358F-AFC488453E1E}"
EndProject
Project("{FAE04EC0-301F-11D3-BF4B-00C04F79EFBC}") = "Unity.VisualScripting.Flow.Editor", "Unity.VisualScripting.Flow.Editor.csproj", "{AF4E5FA1-1521-866C-E672-AE8DE5100D94}"
EndProject
Project("{FAE04EC0-301F-11D3-BF4B-00C04F79EFBC}") = "Unity.VisualStudio.Editor", "Unity.VisualStudio.Editor.csproj", "{D86DE1D8-53A7-589E-EBC5-F656A90A15B2}"
EndProject
Project("{FAE04EC0-301F-11D3-BF4B-00C04F79EFBC}") = "Unity.Timeline.Editor", "Unity.Timeline.Editor.csproj", "{BAB56376-6CD1-E75F-53A0-A2C76E89385F}"
EndProject
Project("{FAE04EC0-301F-11D3-BF4B-00C04F79EFBC}") = "Unity.VisualScripting.State.Editor", "Unity.VisualScripting.State.Editor.csproj", "{E52DF2F5-D189-D19F-A99F-8AAEA129935A}"
EndProject
Project("{FAE04EC0-301F-11D3-BF4B-00C04F79EFBC}") = "Unity.TextMeshPro.Editor", "Unity.TextMeshPro.Editor.csproj", "{1641FA1C-B99B-80A7-D7F7-DB527E717CC0}"
EndProject
Project("{FAE04EC0-301F-11D3-BF4B-00C04F79EFBC}") = "Unity.VisualScripting.SettingsProvider.Editor", "Unity.VisualScripting.SettingsProvider.Editor.csproj", "{B6CA71AD-3563-5DCD-19AC-9FC8CFD9DA3B}"
EndProject
Project("{FAE04EC0-301F-11D3-BF4B-00C04F79EFBC}") = "Unity.CollabProxy.Editor", "Unity.CollabProxy.Editor.csproj", "{6846D62C-1539-67BA-24A4-C45F28366000}"
EndProject
Project("{FAE04EC0-301F-11D3-BF4B-00C04F79EFBC}") = "UnityEditor.TestRunner", "UnityEditor.TestRunner.csproj", "{19C21C63-5D5D-6765-531F-46C365534806}"
EndProject
Project("{FAE04EC0-301F-11D3-BF4B-00C04F79EFBC}") = "Unity.Services.Core.Editor", "Unity.Services.Core.Editor.csproj", "{B8F7A3E5-8F4C-FBC6-7EA9-B92CF300A1BC}"
EndProject
Project("{FAE04EC0-301F-11D3-BF4B-00C04F79EFBC}") = "Unity.TestTools.CodeCoverage.Editor", "Unity.TestTools.CodeCoverage.Editor.csproj", "{D83836C4-623E-6519-B29B-1EE0A9016D87}"
EndProject
Project("{FAE04EC0-301F-11D3-BF4B-00C04F79EFBC}") = "Unity.Rider.Editor", "Unity.Rider.Editor.csproj", "{61D1FF89-D40B-E792-8F66-563302B11142}"
EndProject
Project("{FAE04EC0-301F-11D3-BF4B-00C04F79EFBC}") = "Unity.Performance.Profile-Analyzer.Editor", "Unity.Performance.Profile-Analyzer.Editor.csproj", "{7C509F96-774A-CA91-5A35-E3711E1E1B75}"
EndProject
Project("{FAE04EC0-301F-11D3-BF4B-00C04F79EFBC}") = "Unity.VSCode.Editor", "Unity.VSCode.Editor.csproj", "{D0771FDB-0FDF-715A-C47B-8FEC888A8AF9}"
EndProject
Project("{FAE04EC0-301F-11D3-BF4B-00C04F79EFBC}") = "UnityEditor.UI", "UnityEditor.UI.csproj", "{5A58EE8D-4392-FA76-0B86-5032D83D358F}"
EndProject
Project("{FAE04EC0-301F-11D3-BF4B-00C04F79EFBC}") = "Unity.TestTools.CodeCoverage.Editor.OpenCover.Model", "Unity.TestTools.CodeCoverage.Editor.OpenCover.Model.csproj", "{6C2CD3DB-D04D-34D1-8A18-7AE5BE884889}"
EndProject
Project("{FAE04EC0-301F-11D3-BF4B-00C04F79EFBC}") = "Unity.EditorCoroutines.Editor", "Unity.EditorCoroutines.Editor.csproj", "{869E97DC-ECC8-97A0-2C14-EB9BB91C5C85}"
EndProject
Project("{FAE04EC0-301F-11D3-BF4B-00C04F79EFBC}") = "Unity.Settings.Editor", "Unity.Settings.Editor.csproj", "{95392424-7035-7A64-EF2A-BAC1CC3B99FE}"
EndProject
Project("{FAE04EC0-301F-11D3-BF4B-00C04F79EFBC}") = "Unity.Services.Core.Configuration.Editor", "Unity.Services.Core.Configuration.Editor.csproj", "{E38A8536-A40D-5BA3-BA7B-2C06912045BA}"
EndProject
Project("{FAE04EC0-301F-11D3-BF4B-00C04F79EFBC}") = "Unity.TestTools.CodeCoverage.Editor.OpenCover.Mono.Reflection", "Unity.TestTools.CodeCoverage.Editor.OpenCover.Mono.Reflection.csproj", "{3DD3A22E-FC09-C7D0-1A37-C2CA846A59D1}"
EndProject
Project("{FAE04EC0-301F-11D3-BF4B-00C04F79EFBC}") = "Unity.VisualScripting.Shared.Editor", "Unity.VisualScripting.Shared.Editor.csproj", "{D3CA8DB1-E4E0-82CD-3FB6-D59BD96627AC}"
EndProject
Global
	GlobalSection(SolutionConfigurationPlatforms) = preSolution
		Debug|Any CPU = Debug|Any CPU
		Release|Any CPU = Release|Any CPU
	EndGlobalSection
	GlobalSection(ProjectConfigurationPlatforms) = postSolution
		{66E94BCA-F359-0EB2-EC11-3C302C666537}.Debug|Any CPU.ActiveCfg = Debug|Any CPU
		{66E94BCA-F359-0EB2-EC11-3C302C666537}.Debug|Any CPU.Build.0 = Debug|Any CPU
		{66E94BCA-F359-0EB2-EC11-3C302C666537}.Release|Any CPU.ActiveCfg = Release|Any CPU
		{66E94BCA-F359-0EB2-EC11-3C302C666537}.Release|Any CPU.Build.0 = Release|Any CPU
		{DF7B4A64-C513-9CAF-6C37-C6AE85879582}.Debug|Any CPU.ActiveCfg = Debug|Any CPU
		{DF7B4A64-C513-9CAF-6C37-C6AE85879582}.Debug|Any CPU.Build.0 = Debug|Any CPU
		{DF7B4A64-C513-9CAF-6C37-C6AE85879582}.Release|Any CPU.ActiveCfg = Release|Any CPU
		{DF7B4A64-C513-9CAF-6C37-C6AE85879582}.Release|Any CPU.Build.0 = Release|Any CPU
		{D0FFFD79-C742-5DED-E543-26C77CF31F84}.Debug|Any CPU.ActiveCfg = Debug|Any CPU
		{D0FFFD79-C742-5DED-E543-26C77CF31F84}.Debug|Any CPU.Build.0 = Debug|Any CPU
		{D0FFFD79-C742-5DED-E543-26C77CF31F84}.Release|Any CPU.ActiveCfg = Release|Any CPU
		{D0FFFD79-C742-5DED-E543-26C77CF31F84}.Release|Any CPU.Build.0 = Release|Any CPU
		{301ED51C-73CB-B509-5DE6-C016E90C9D9F}.Debug|Any CPU.ActiveCfg = Debug|Any CPU
		{301ED51C-73CB-B509-5DE6-C016E90C9D9F}.Debug|Any CPU.Build.0 = Debug|Any CPU
		{301ED51C-73CB-B509-5DE6-C016E90C9D9F}.Release|Any CPU.ActiveCfg = Release|Any CPU
		{301ED51C-73CB-B509-5DE6-C016E90C9D9F}.Release|Any CPU.Build.0 = Release|Any CPU
		{9B32EAF1-25FC-0C02-229D-249903793F4F}.Debug|Any CPU.ActiveCfg = Debug|Any CPU
		{9B32EAF1-25FC-0C02-229D-249903793F4F}.Debug|Any CPU.Build.0 = Debug|Any CPU
		{9B32EAF1-25FC-0C02-229D-249903793F4F}.Release|Any CPU.ActiveCfg = Release|Any CPU
		{9B32EAF1-25FC-0C02-229D-249903793F4F}.Release|Any CPU.Build.0 = Release|Any CPU
		{57695B48-4A57-4766-6C34-1C8D1FC5896C}.Debug|Any CPU.ActiveCfg = Debug|Any CPU
		{57695B48-4A57-4766-6C34-1C8D1FC5896C}.Debug|Any CPU.Build.0 = Debug|Any CPU
		{57695B48-4A57-4766-6C34-1C8D1FC5896C}.Release|Any CPU.ActiveCfg = Release|Any CPU
		{57695B48-4A57-4766-6C34-1C8D1FC5896C}.Release|Any CPU.Build.0 = Release|Any CPU
		{B1AE31F3-5B6C-0A21-CCD2-F979D43D5A10}.Debug|Any CPU.ActiveCfg = Debug|Any CPU
		{B1AE31F3-5B6C-0A21-CCD2-F979D43D5A10}.Debug|Any CPU.Build.0 = Debug|Any CPU
		{B1AE31F3-5B6C-0A21-CCD2-F979D43D5A10}.Release|Any CPU.ActiveCfg = Release|Any CPU
		{B1AE31F3-5B6C-0A21-CCD2-F979D43D5A10}.Release|Any CPU.Build.0 = Release|Any CPU
		{4778B806-3256-132A-E9B6-58CDF9FE26D8}.Debug|Any CPU.ActiveCfg = Debug|Any CPU
		{4778B806-3256-132A-E9B6-58CDF9FE26D8}.Debug|Any CPU.Build.0 = Debug|Any CPU
		{4778B806-3256-132A-E9B6-58CDF9FE26D8}.Release|Any CPU.ActiveCfg = Release|Any CPU
		{4778B806-3256-132A-E9B6-58CDF9FE26D8}.Release|Any CPU.Build.0 = Release|Any CPU
		{B9D8A1C7-1DC8-D546-7B35-4BC7E3428449}.Debug|Any CPU.ActiveCfg = Debug|Any CPU
		{B9D8A1C7-1DC8-D546-7B35-4BC7E3428449}.Debug|Any CPU.Build.0 = Debug|Any CPU
		{B9D8A1C7-1DC8-D546-7B35-4BC7E3428449}.Release|Any CPU.ActiveCfg = Release|Any CPU
		{B9D8A1C7-1DC8-D546-7B35-4BC7E3428449}.Release|Any CPU.Build.0 = Release|Any CPU
		{40B69E98-CAB1-A5D9-89AF-583AB6E75FED}.Debug|Any CPU.ActiveCfg = Debug|Any CPU
		{40B69E98-CAB1-A5D9-89AF-583AB6E75FED}.Debug|Any CPU.Build.0 = Debug|Any CPU
		{40B69E98-CAB1-A5D9-89AF-583AB6E75FED}.Release|Any CPU.ActiveCfg = Release|Any CPU
		{40B69E98-CAB1-A5D9-89AF-583AB6E75FED}.Release|Any CPU.Build.0 = Release|Any CPU
		{F8E7181D-1DED-E8E7-EE08-E114B4AA02A0}.Debug|Any CPU.ActiveCfg = Debug|Any CPU
		{F8E7181D-1DED-E8E7-EE08-E114B4AA02A0}.Debug|Any CPU.Build.0 = Debug|Any CPU
		{F8E7181D-1DED-E8E7-EE08-E114B4AA02A0}.Release|Any CPU.ActiveCfg = Release|Any CPU
		{F8E7181D-1DED-E8E7-EE08-E114B4AA02A0}.Release|Any CPU.Build.0 = Release|Any CPU
		{AE4FF82E-1CDB-DF4B-41CA-D66BC94A627F}.Debug|Any CPU.ActiveCfg = Debug|Any CPU
		{AE4FF82E-1CDB-DF4B-41CA-D66BC94A627F}.Debug|Any CPU.Build.0 = Debug|Any CPU
		{AE4FF82E-1CDB-DF4B-41CA-D66BC94A627F}.Release|Any CPU.ActiveCfg = Release|Any CPU
		{AE4FF82E-1CDB-DF4B-41CA-D66BC94A627F}.Release|Any CPU.Build.0 = Release|Any CPU
		{5DCF9897-E947-EC86-6985-EC15B60BE31D}.Debug|Any CPU.ActiveCfg = Debug|Any CPU
		{5DCF9897-E947-EC86-6985-EC15B60BE31D}.Debug|Any CPU.Build.0 = Debug|Any CPU
		{5DCF9897-E947-EC86-6985-EC15B60BE31D}.Release|Any CPU.ActiveCfg = Release|Any CPU
		{5DCF9897-E947-EC86-6985-EC15B60BE31D}.Release|Any CPU.Build.0 = Release|Any CPU
		{0A2FD56B-27B9-D84F-DF92-C9A42E84B8CB}.Debug|Any CPU.ActiveCfg = Debug|Any CPU
		{0A2FD56B-27B9-D84F-DF92-C9A42E84B8CB}.Debug|Any CPU.Build.0 = Debug|Any CPU
		{0A2FD56B-27B9-D84F-DF92-C9A42E84B8CB}.Release|Any CPU.ActiveCfg = Release|Any CPU
		{0A2FD56B-27B9-D84F-DF92-C9A42E84B8CB}.Release|Any CPU.Build.0 = Release|Any CPU
		{3FE2F799-2705-1A77-B42D-A5D5277420DF}.Debug|Any CPU.ActiveCfg = Debug|Any CPU
		{3FE2F799-2705-1A77-B42D-A5D5277420DF}.Debug|Any CPU.Build.0 = Debug|Any CPU
		{3FE2F799-2705-1A77-B42D-A5D5277420DF}.Release|Any CPU.ActiveCfg = Release|Any CPU
		{3FE2F799-2705-1A77-B42D-A5D5277420DF}.Release|Any CPU.Build.0 = Release|Any CPU
		{EDFF3074-C027-D2B9-C54A-536C0F9FD57F}.Debug|Any CPU.ActiveCfg = Debug|Any CPU
		{EDFF3074-C027-D2B9-C54A-536C0F9FD57F}.Debug|Any CPU.Build.0 = Debug|Any CPU
		{EDFF3074-C027-D2B9-C54A-536C0F9FD57F}.Release|Any CPU.ActiveCfg = Release|Any CPU
		{EDFF3074-C027-D2B9-C54A-536C0F9FD57F}.Release|Any CPU.Build.0 = Release|Any CPU
		{FC4B1E35-9B27-2497-7C69-CC7ABDAF66D4}.Debug|Any CPU.ActiveCfg = Debug|Any CPU
		{FC4B1E35-9B27-2497-7C69-CC7ABDAF66D4}.Debug|Any CPU.Build.0 = Debug|Any CPU
		{FC4B1E35-9B27-2497-7C69-CC7ABDAF66D4}.Release|Any CPU.ActiveCfg = Release|Any CPU
		{FC4B1E35-9B27-2497-7C69-CC7ABDAF66D4}.Release|Any CPU.Build.0 = Release|Any CPU
		{BB9F54CA-530A-9FD3-AD7D-4B045EA97492}.Debug|Any CPU.ActiveCfg = Debug|Any CPU
		{BB9F54CA-530A-9FD3-AD7D-4B045EA97492}.Debug|Any CPU.Build.0 = Debug|Any CPU
		{BB9F54CA-530A-9FD3-AD7D-4B045EA97492}.Release|Any CPU.ActiveCfg = Release|Any CPU
		{BB9F54CA-530A-9FD3-AD7D-4B045EA97492}.Release|Any CPU.Build.0 = Release|Any CPU
		{9DF143F7-ABA0-21CD-9E10-6C8F68CC60DA}.Debug|Any CPU.ActiveCfg = Debug|Any CPU
		{9DF143F7-ABA0-21CD-9E10-6C8F68CC60DA}.Debug|Any CPU.Build.0 = Debug|Any CPU
		{9DF143F7-ABA0-21CD-9E10-6C8F68CC60DA}.Release|Any CPU.ActiveCfg = Release|Any CPU
		{9DF143F7-ABA0-21CD-9E10-6C8F68CC60DA}.Release|Any CPU.Build.0 = Release|Any CPU
		{0B63F963-09F6-2A54-F90D-3FAB622A58EF}.Debug|Any CPU.ActiveCfg = Debug|Any CPU
		{0B63F963-09F6-2A54-F90D-3FAB622A58EF}.Debug|Any CPU.Build.0 = Debug|Any CPU
		{0B63F963-09F6-2A54-F90D-3FAB622A58EF}.Release|Any CPU.ActiveCfg = Release|Any CPU
		{0B63F963-09F6-2A54-F90D-3FAB622A58EF}.Release|Any CPU.Build.0 = Release|Any CPU
		{162954BB-39FA-4E7F-2D47-A4818C759240}.Debug|Any CPU.ActiveCfg = Debug|Any CPU
		{162954BB-39FA-4E7F-2D47-A4818C759240}.Debug|Any CPU.Build.0 = Debug|Any CPU
		{162954BB-39FA-4E7F-2D47-A4818C759240}.Release|Any CPU.ActiveCfg = Release|Any CPU
		{162954BB-39FA-4E7F-2D47-A4818C759240}.Release|Any CPU.Build.0 = Release|Any CPU
		{8ACDBAAA-0F34-7534-358F-AFC488453E1E}.Debug|Any CPU.ActiveCfg = Debug|Any CPU
		{8ACDBAAA-0F34-7534-358F-AFC488453E1E}.Debug|Any CPU.Build.0 = Debug|Any CPU
		{8ACDBAAA-0F34-7534-358F-AFC488453E1E}.Release|Any CPU.ActiveCfg = Release|Any CPU
		{8ACDBAAA-0F34-7534-358F-AFC488453E1E}.Release|Any CPU.Build.0 = Release|Any CPU
		{AF4E5FA1-1521-866C-E672-AE8DE5100D94}.Debug|Any CPU.ActiveCfg = Debug|Any CPU
		{AF4E5FA1-1521-866C-E672-AE8DE5100D94}.Debug|Any CPU.Build.0 = Debug|Any CPU
		{AF4E5FA1-1521-866C-E672-AE8DE5100D94}.Release|Any CPU.ActiveCfg = Release|Any CPU
		{AF4E5FA1-1521-866C-E672-AE8DE5100D94}.Release|Any CPU.Build.0 = Release|Any CPU
		{D86DE1D8-53A7-589E-EBC5-F656A90A15B2}.Debug|Any CPU.ActiveCfg = Debug|Any CPU
		{D86DE1D8-53A7-589E-EBC5-F656A90A15B2}.Debug|Any CPU.Build.0 = Debug|Any CPU
		{D86DE1D8-53A7-589E-EBC5-F656A90A15B2}.Release|Any CPU.ActiveCfg = Release|Any CPU
		{D86DE1D8-53A7-589E-EBC5-F656A90A15B2}.Release|Any CPU.Build.0 = Release|Any CPU
		{BAB56376-6CD1-E75F-53A0-A2C76E89385F}.Debug|Any CPU.ActiveCfg = Debug|Any CPU
		{BAB56376-6CD1-E75F-53A0-A2C76E89385F}.Debug|Any CPU.Build.0 = Debug|Any CPU
		{BAB56376-6CD1-E75F-53A0-A2C76E89385F}.Release|Any CPU.ActiveCfg = Release|Any CPU
		{BAB56376-6CD1-E75F-53A0-A2C76E89385F}.Release|Any CPU.Build.0 = Release|Any CPU
		{E52DF2F5-D189-D19F-A99F-8AAEA129935A}.Debug|Any CPU.ActiveCfg = Debug|Any CPU
		{E52DF2F5-D189-D19F-A99F-8AAEA129935A}.Debug|Any CPU.Build.0 = Debug|Any CPU
		{E52DF2F5-D189-D19F-A99F-8AAEA129935A}.Release|Any CPU.ActiveCfg = Release|Any CPU
		{E52DF2F5-D189-D19F-A99F-8AAEA129935A}.Release|Any CPU.Build.0 = Release|Any CPU
		{1641FA1C-B99B-80A7-D7F7-DB527E717CC0}.Debug|Any CPU.ActiveCfg = Debug|Any CPU
		{1641FA1C-B99B-80A7-D7F7-DB527E717CC0}.Debug|Any CPU.Build.0 = Debug|Any CPU
		{1641FA1C-B99B-80A7-D7F7-DB527E717CC0}.Release|Any CPU.ActiveCfg = Release|Any CPU
		{1641FA1C-B99B-80A7-D7F7-DB527E717CC0}.Release|Any CPU.Build.0 = Release|Any CPU
		{B6CA71AD-3563-5DCD-19AC-9FC8CFD9DA3B}.Debug|Any CPU.ActiveCfg = Debug|Any CPU
		{B6CA71AD-3563-5DCD-19AC-9FC8CFD9DA3B}.Debug|Any CPU.Build.0 = Debug|Any CPU
		{B6CA71AD-3563-5DCD-19AC-9FC8CFD9DA3B}.Release|Any CPU.ActiveCfg = Release|Any CPU
		{B6CA71AD-3563-5DCD-19AC-9FC8CFD9DA3B}.Release|Any CPU.Build.0 = Release|Any CPU
		{6846D62C-1539-67BA-24A4-C45F28366000}.Debug|Any CPU.ActiveCfg = Debug|Any CPU
		{6846D62C-1539-67BA-24A4-C45F28366000}.Debug|Any CPU.Build.0 = Debug|Any CPU
		{6846D62C-1539-67BA-24A4-C45F28366000}.Release|Any CPU.ActiveCfg = Release|Any CPU
		{6846D62C-1539-67BA-24A4-C45F28366000}.Release|Any CPU.Build.0 = Release|Any CPU
		{19C21C63-5D5D-6765-531F-46C365534806}.Debug|Any CPU.ActiveCfg = Debug|Any CPU
		{19C21C63-5D5D-6765-531F-46C365534806}.Debug|Any CPU.Build.0 = Debug|Any CPU
		{19C21C63-5D5D-6765-531F-46C365534806}.Release|Any CPU.ActiveCfg = Release|Any CPU
		{19C21C63-5D5D-6765-531F-46C365534806}.Release|Any CPU.Build.0 = Release|Any CPU
		{B8F7A3E5-8F4C-FBC6-7EA9-B92CF300A1BC}.Debug|Any CPU.ActiveCfg = Debug|Any CPU
		{B8F7A3E5-8F4C-FBC6-7EA9-B92CF300A1BC}.Debug|Any CPU.Build.0 = Debug|Any CPU
		{B8F7A3E5-8F4C-FBC6-7EA9-B92CF300A1BC}.Release|Any CPU.ActiveCfg = Release|Any CPU
		{B8F7A3E5-8F4C-FBC6-7EA9-B92CF300A1BC}.Release|Any CPU.Build.0 = Release|Any CPU
		{D83836C4-623E-6519-B29B-1EE0A9016D87}.Debug|Any CPU.ActiveCfg = Debug|Any CPU
		{D83836C4-623E-6519-B29B-1EE0A9016D87}.Debug|Any CPU.Build.0 = Debug|Any CPU
		{D83836C4-623E-6519-B29B-1EE0A9016D87}.Release|Any CPU.ActiveCfg = Release|Any CPU
		{D83836C4-623E-6519-B29B-1EE0A9016D87}.Release|Any CPU.Build.0 = Release|Any CPU
		{61D1FF89-D40B-E792-8F66-563302B11142}.Debug|Any CPU.ActiveCfg = Debug|Any CPU
		{61D1FF89-D40B-E792-8F66-563302B11142}.Debug|Any CPU.Build.0 = Debug|Any CPU
		{61D1FF89-D40B-E792-8F66-563302B11142}.Release|Any CPU.ActiveCfg = Release|Any CPU
		{61D1FF89-D40B-E792-8F66-563302B11142}.Release|Any CPU.Build.0 = Release|Any CPU
		{7C509F96-774A-CA91-5A35-E3711E1E1B75}.Debug|Any CPU.ActiveCfg = Debug|Any CPU
		{7C509F96-774A-CA91-5A35-E3711E1E1B75}.Debug|Any CPU.Build.0 = Debug|Any CPU
		{7C509F96-774A-CA91-5A35-E3711E1E1B75}.Release|Any CPU.ActiveCfg = Release|Any CPU
		{7C509F96-774A-CA91-5A35-E3711E1E1B75}.Release|Any CPU.Build.0 = Release|Any CPU
		{D0771FDB-0FDF-715A-C47B-8FEC888A8AF9}.Debug|Any CPU.ActiveCfg = Debug|Any CPU
		{D0771FDB-0FDF-715A-C47B-8FEC888A8AF9}.Debug|Any CPU.Build.0 = Debug|Any CPU
		{D0771FDB-0FDF-715A-C47B-8FEC888A8AF9}.Release|Any CPU.ActiveCfg = Release|Any CPU
		{D0771FDB-0FDF-715A-C47B-8FEC888A8AF9}.Release|Any CPU.Build.0 = Release|Any CPU
		{5A58EE8D-4392-FA76-0B86-5032D83D358F}.Debug|Any CPU.ActiveCfg = Debug|Any CPU
		{5A58EE8D-4392-FA76-0B86-5032D83D358F}.Debug|Any CPU.Build.0 = Debug|Any CPU
		{5A58EE8D-4392-FA76-0B86-5032D83D358F}.Release|Any CPU.ActiveCfg = Release|Any CPU
		{5A58EE8D-4392-FA76-0B86-5032D83D358F}.Release|Any CPU.Build.0 = Release|Any CPU
		{6C2CD3DB-D04D-34D1-8A18-7AE5BE884889}.Debug|Any CPU.ActiveCfg = Debug|Any CPU
		{6C2CD3DB-D04D-34D1-8A18-7AE5BE884889}.Debug|Any CPU.Build.0 = Debug|Any CPU
		{6C2CD3DB-D04D-34D1-8A18-7AE5BE884889}.Release|Any CPU.ActiveCfg = Release|Any CPU
		{6C2CD3DB-D04D-34D1-8A18-7AE5BE884889}.Release|Any CPU.Build.0 = Release|Any CPU
		{869E97DC-ECC8-97A0-2C14-EB9BB91C5C85}.Debug|Any CPU.ActiveCfg = Debug|Any CPU
		{869E97DC-ECC8-97A0-2C14-EB9BB91C5C85}.Debug|Any CPU.Build.0 = Debug|Any CPU
		{869E97DC-ECC8-97A0-2C14-EB9BB91C5C85}.Release|Any CPU.ActiveCfg = Release|Any CPU
		{869E97DC-ECC8-97A0-2C14-EB9BB91C5C85}.Release|Any CPU.Build.0 = Release|Any CPU
		{95392424-7035-7A64-EF2A-BAC1CC3B99FE}.Debug|Any CPU.ActiveCfg = Debug|Any CPU
		{95392424-7035-7A64-EF2A-BAC1CC3B99FE}.Debug|Any CPU.Build.0 = Debug|Any CPU
		{95392424-7035-7A64-EF2A-BAC1CC3B99FE}.Release|Any CPU.ActiveCfg = Release|Any CPU
		{95392424-7035-7A64-EF2A-BAC1CC3B99FE}.Release|Any CPU.Build.0 = Release|Any CPU
		{E38A8536-A40D-5BA3-BA7B-2C06912045BA}.Debug|Any CPU.ActiveCfg = Debug|Any CPU
		{E38A8536-A40D-5BA3-BA7B-2C06912045BA}.Debug|Any CPU.Build.0 = Debug|Any CPU
		{E38A8536-A40D-5BA3-BA7B-2C06912045BA}.Release|Any CPU.ActiveCfg = Release|Any CPU
		{E38A8536-A40D-5BA3-BA7B-2C06912045BA}.Release|Any CPU.Build.0 = Release|Any CPU
		{3DD3A22E-FC09-C7D0-1A37-C2CA846A59D1}.Debug|Any CPU.ActiveCfg = Debug|Any CPU
		{3DD3A22E-FC09-C7D0-1A37-C2CA846A59D1}.Debug|Any CPU.Build.0 = Debug|Any CPU
		{3DD3A22E-FC09-C7D0-1A37-C2CA846A59D1}.Release|Any CPU.ActiveCfg = Release|Any CPU
		{3DD3A22E-FC09-C7D0-1A37-C2CA846A59D1}.Release|Any CPU.Build.0 = Release|Any CPU
		{D3CA8DB1-E4E0-82CD-3FB6-D59BD96627AC}.Debug|Any CPU.ActiveCfg = Debug|Any CPU
		{D3CA8DB1-E4E0-82CD-3FB6-D59BD96627AC}.Debug|Any CPU.Build.0 = Debug|Any CPU
		{D3CA8DB1-E4E0-82CD-3FB6-D59BD96627AC}.Release|Any CPU.ActiveCfg = Release|Any CPU
		{D3CA8DB1-E4E0-82CD-3FB6-D59BD96627AC}.Release|Any CPU.Build.0 = Release|Any CPU
	EndGlobalSection
	GlobalSection(SolutionProperties) = preSolution
		HideSolutionNode = FALSE
	EndGlobalSection
EndGlobal
